
Microsoft Visual Studio Solution File, Format Version 12.00
# Visual Studio Version 16
VisualStudioVersion = 16.0.29519.181
MinimumVisualStudioVersion = 10.0.40219.1
Project("{FAE04EC0-301F-11D3-BF4B-00C04F79EFBC}") = "WpfFileExplorer", "WpfFileExplorer\WpfFileExplorer.csproj", "{55E571F4-3ABD-420D-9D54-7CD248FC4635}"
EndProject
Global
	GlobalSection(SolutionConfigurationPlatforms) = preSolution
		Debug|Any CPU = Debug|Any CPU
		Release|Any CPU = Release|Any CPU
	EndGlobalSection
	GlobalSection(ProjectConfigurationPlatforms) = postSolution
		{55E571F4-3ABD-420D-9D54-7CD248FC4635}.Debug|Any CPU.ActiveCfg = Debug|Any CPU
		{55E571F4-3ABD-420D-9D54-7CD248FC4635}.Debug|Any CPU.Build.0 = Debug|Any CPU
		{55E571F4-3ABD-420D-9D54-7CD248FC4635}.Release|Any CPU.ActiveCfg = Release|Any CPU
		{55E571F4-3ABD-420D-9D54-7CD248FC4635}.Release|Any CPU.Build.0 = Release|Any CPU
	EndGlobalSection
	GlobalSection(SolutionProperties) = preSolution
		HideSolutionNode = FALSE
	EndGlobalSection
	GlobalSection(ExtensibilityGlobals) = postSolution
		SolutionGuid = {2FF4536F-0731-476B-A986-AAE0190DBE0C}
	EndGlobalSection
EndGlobal
